// !$*UTF8*$!
{
	archiveVersion = 1;
	classes = {
	};
	objectVersion = 50;
	objects = {

/* Begin PBXBuildFile section */
		3D802661230C94440078F3F2 /* AppDelegate.swift in Sources */ = {isa = PBXBuildFile; fileRef = 3D802660230C94440078F3F2 /* AppDelegate.swift */; };
		3D802663230C94440078F3F2 /* ViewController.swift in Sources */ = {isa = PBXBuildFile; fileRef = 3D802662230C94440078F3F2 /* ViewController.swift */; };
		3D802666230C94440078F3F2 /* Main.storyboard in Resources */ = {isa = PBXBuildFile; fileRef = 3D802664230C94440078F3F2 /* Main.storyboard */; };
		3D802668230C94480078F3F2 /* Assets.xcassets in Resources */ = {isa = PBXBuildFile; fileRef = 3D802667230C94480078F3F2 /* Assets.xcassets */; };
		3D80266B230C94480078F3F2 /* LaunchScreen.storyboard in Resources */ = {isa = PBXBuildFile; fileRef = 3D802669230C94480078F3F2 /* LaunchScreen.storyboard */; };
		3D802676230C94480078F3F2 /* SecuenciasTests.swift in Sources */ = {isa = PBXBuildFile; fileRef = 3D802675230C94480078F3F2 /* SecuenciasTests.swift */; };
		3D802681230C94480078F3F2 /* SecuenciasUITests.swift in Sources */ = {isa = PBXBuildFile; fileRef = 3D802680230C94480078F3F2 /* SecuenciasUITests.swift */; };
/* End PBXBuildFile section */

/* Begin PBXContainerItemProxy section */
		3D802672230C94480078F3F2 /* PBXContainerItemProxy */ = {
			isa = PBXContainerItemProxy;
			containerPortal = 3D802655230C94440078F3F2 /* Project object */;
			proxyType = 1;
			remoteGlobalIDString = 3D80265C230C94440078F3F2;
			remoteInfo = Secuencias;
		};
		3D80267D230C94480078F3F2 /* PBXContainerItemProxy */ = {
			isa = PBXContainerItemProxy;
			containerPortal = 3D802655230C94440078F3F2 /* Project object */;
			proxyType = 1;
			remoteGlobalIDString = 3D80265C230C94440078F3F2;
			remoteInfo = Secuencias;
		};
/* End PBXContainerItemProxy section */

/* Begin PBXFileReference section */
		3D80265D230C94440078F3F2 /* Secuencias.app */ = {isa = PBXFileReference; explicitFileType = wrapper.application; includeInIndex = 0; path = Secuencias.app; sourceTree = BUILT_PRODUCTS_DIR; };
		3D802660230C94440078F3F2 /* AppDelegate.swift */ = {isa = PBXFileReference; lastKnownFileType = sourcecode.swift; path = AppDelegate.swift; sourceTree = "<group>"; };
		3D802662230C94440078F3F2 /* ViewController.swift */ = {isa = PBXFileReference; lastKnownFileType = sourcecode.swift; path = ViewController.swift; sourceTree = "<group>"; };
		3D802665230C94440078F3F2 /* Base */ = {isa = PBXFileReference; lastKnownFileType = file.storyboard; name = Base; path = Base.lproj/Main.storyboard; sourceTree = "<group>"; };
		3D802667230C94480078F3F2 /* Assets.xcassets */ = {isa = PBXFileReference; lastKnownFileType = folder.assetcatalog; path = Assets.xcassets; sourceTree = "<group>"; };
		3D80266A230C94480078F3F2 /* Base */ = {isa = PBXFileReference; lastKnownFileType = file.storyboard; name = Base; path = Base.lproj/LaunchScreen.storyboard; sourceTree = "<group>"; };
		3D80266C230C94480078F3F2 /* Info.plist */ = {isa = PBXFileReference; lastKnownFileType = text.plist.xml; path = Info.plist; sourceTree = "<group>"; };
		3D802671230C94480078F3F2 /* SecuenciasTests.xctest */ = {isa = PBXFileReference; explicitFileType = wrapper.cfbundle; includeInIndex = 0; path = SecuenciasTests.xctest; sourceTree = BUILT_PRODUCTS_DIR; };
		3D802675230C94480078F3F2 /* SecuenciasTests.swift */ = {isa = PBXFileReference; lastKnownFileType = sourcecode.swift; path = SecuenciasTests.swift; sourceTree = "<group>"; };
		3D802677230C94480078F3F2 /* Info.plist */ = {isa = PBXFileReference; lastKnownFileType = text.plist.xml; path = Info.plist; sourceTree = "<group>"; };
		3D80267C230C94480078F3F2 /* SecuenciasUITests.xctest */ = {isa = PBXFileReference; explicitFileType = wrapper.cfbundle; includeInIndex = 0; path = SecuenciasUITests.xctest; sourceTree = BUILT_PRODUCTS_DIR; };
		3D802680230C94480078F3F2 /* SecuenciasUITests.swift */ = {isa = PBXFileReference; lastKnownFileType = sourcecode.swift; path = SecuenciasUITests.swift; sourceTree = "<group>"; };
		3D802682230C94480078F3F2 /* Info.plist */ = {isa = PBXFileReference; lastKnownFileType = text.plist.xml; path = Info.plist; sourceTree = "<group>"; };
/* End PBXFileReference section */

/* Begin PBXFrameworksBuildPhase section */
		3D80265A230C94440078F3F2 /* Frameworks */ = {
			isa = PBXFrameworksBuildPhase;
			buildActionMask = 2147483647;
			files = (
			);
			runOnlyForDeploymentPostprocessing = 0;
		};
		3D80266E230C94480078F3F2 /* Frameworks */ = {
			isa = PBXFrameworksBuildPhase;
			buildActionMask = 2147483647;
			files = (
			);
			runOnlyForDeploymentPostprocessing = 0;
		};
		3D802679230C94480078F3F2 /* Frameworks */ = {
			isa = PBXFrameworksBuildPhase;
			buildActionMask = 2147483647;
			files = (
			);
			runOnlyForDeploymentPostprocessing = 0;
		};
/* End PBXFrameworksBuildPhase section */

/* Begin PBXGroup section */
		3D802654230C94440078F3F2 = {
			isa = PBXGroup;
			children = (
				3D80265F230C94440078F3F2 /* Secuencias */,
				3D802674230C94480078F3F2 /* SecuenciasTests */,
				3D80267F230C94480078F3F2 /* SecuenciasUITests */,
				3D80265E230C94440078F3F2 /* Products */,
			);
			sourceTree = "<group>";
		};
		3D80265E230C94440078F3F2 /* Products */ = {
			isa = PBXGroup;
			children = (
				3D80265D230C94440078F3F2 /* Secuencias.app */,
				3D802671230C94480078F3F2 /* SecuenciasTests.xctest */,
				3D80267C230C94480078F3F2 /* SecuenciasUITests.xctest */,
			);
			name = Products;
			sourceTree = "<group>";
		};
		3D80265F230C94440078F3F2 /* Secuencias */ = {
			isa = PBXGroup;
			children = (
				3D802660230C94440078F3F2 /* AppDelegate.swift */,
				3D802662230C94440078F3F2 /* ViewController.swift */,
				3D802664230C94440078F3F2 /* Main.storyboard */,
				3D802667230C94480078F3F2 /* Assets.xcassets */,
				3D802669230C94480078F3F2 /* LaunchScreen.storyboard */,
				3D80266C230C94480078F3F2 /* Info.plist */,
			);
			path = Secuencias;
			sourceTree = "<group>";
		};
		3D802674230C94480078F3F2 /* SecuenciasTests */ = {
			isa = PBXGroup;
			children = (
				3D802675230C94480078F3F2 /* SecuenciasTests.swift */,
				3D802677230C94480078F3F2 /* Info.plist */,
			);
			path = SecuenciasTests;
			sourceTree = "<group>";
		};
		3D80267F230C94480078F3F2 /* SecuenciasUITests */ = {
			isa = PBXGroup;
			children = (
				3D802680230C94480078F3F2 /* SecuenciasUITests.swift */,
				3D802682230C94480078F3F2 /* Info.plist */,
			);
			path = SecuenciasUITests;
			sourceTree = "<group>";
		};
/* End PBXGroup section */

/* Begin PBXNativeTarget section */
		3D80265C230C94440078F3F2 /* Secuencias */ = {
			isa = PBXNativeTarget;
			buildConfigurationList = 3D802685230C94480078F3F2 /* Build configuration list for PBXNativeTarget "Secuencias" */;
			buildPhases = (
				3D802659230C94440078F3F2 /* Sources */,
				3D80265A230C94440078F3F2 /* Frameworks */,
				3D80265B230C94440078F3F2 /* Resources */,
			);
			buildRules = (
			);
			dependencies = (
			);
			name = Secuencias;
			productName = Secuencias;
			productReference = 3D80265D230C94440078F3F2 /* Secuencias.app */;
			productType = "com.apple.product-type.application";
		};
		3D802670230C94480078F3F2 /* SecuenciasTests */ = {
			isa = PBXNativeTarget;
			buildConfigurationList = 3D802688230C94480078F3F2 /* Build configuration list for PBXNativeTarget "SecuenciasTests" */;
			buildPhases = (
				3D80266D230C94480078F3F2 /* Sources */,
				3D80266E230C94480078F3F2 /* Frameworks */,
				3D80266F230C94480078F3F2 /* Resources */,
			);
			buildRules = (
			);
			dependencies = (
				3D802673230C94480078F3F2 /* PBXTargetDependency */,
			);
			name = SecuenciasTests;
			productName = SecuenciasTests;
			productReference = 3D802671230C94480078F3F2 /* SecuenciasTests.xctest */;
			productType = "com.apple.product-type.bundle.unit-test";
		};
		3D80267B230C94480078F3F2 /* SecuenciasUITests */ = {
			isa = PBXNativeTarget;
			buildConfigurationList = 3D80268B230C94480078F3F2 /* Build configuration list for PBXNativeTarget "SecuenciasUITests" */;
			buildPhases = (
				3D802678230C94480078F3F2 /* Sources */,
				3D802679230C94480078F3F2 /* Frameworks */,
				3D80267A230C94480078F3F2 /* Resources */,
			);
			buildRules = (
			);
			dependencies = (
				3D80267E230C94480078F3F2 /* PBXTargetDependency */,
			);
			name = SecuenciasUITests;
			productName = SecuenciasUITests;
			productReference = 3D80267C230C94480078F3F2 /* SecuenciasUITests.xctest */;
			productType = "com.apple.product-type.bundle.ui-testing";
		};
/* End PBXNativeTarget section */

/* Begin PBXProject section */
		3D802655230C94440078F3F2 /* Project object */ = {
			isa = PBXProject;
			attributes = {
				LastSwiftUpdateCheck = 0940;
				LastUpgradeCheck = 0940;
				ORGANIZATIONNAME = fer;
				TargetAttributes = {
					3D80265C230C94440078F3F2 = {
						CreatedOnToolsVersion = 9.4.1;
					};
					3D802670230C94480078F3F2 = {
						CreatedOnToolsVersion = 9.4.1;
						TestTargetID = 3D80265C230C94440078F3F2;
					};
					3D80267B230C94480078F3F2 = {
						CreatedOnToolsVersion = 9.4.1;
						TestTargetID = 3D80265C230C94440078F3F2;
					};
				};
			};
			buildConfigurationList = 3D802658230C94440078F3F2 /* Build configuration list for PBXProject "Secuencias" */;
			compatibilityVersion = "Xcode 9.3";
			developmentRegion = en;
			hasScannedForEncodings = 0;
			knownRegions = (
				en,
				Base,
			);
			mainGroup = 3D802654230C94440078F3F2;
			productRefGroup = 3D80265E230C94440078F3F2 /* Products */;
			projectDirPath = "";
			projectRoot = "";
			targets = (
				3D80265C230C94440078F3F2 /* Secuencias */,
				3D802670230C94480078F3F2 /* SecuenciasTests */,
				3D80267B230C94480078F3F2 /* SecuenciasUITests */,
			);
		};
/* End PBXProject section */

/* Begin PBXResourcesBuildPhase section */
		3D80265B230C94440078F3F2 /* Resources */ = {
			isa = PBXResourcesBuildPhase;
			buildActionMask = 2147483647;
			files = (
				3D80266B230C94480078F3F2 /* LaunchScreen.storyboard in Resources */,
				3D802668230C94480078F3F2 /* Assets.xcassets in Resources */,
				3D802666230C94440078F3F2 /* Main.storyboard in Resources */,
			);
			runOnlyForDeploymentPostprocessing = 0;
		};
		3D80266F230C94480078F3F2 /* Resources */ = {
			isa = PBXResourcesBuildPhase;
			buildActionMask = 2147483647;
			files = (
			);
			runOnlyForDeploymentPostprocessing = 0;
		};
		3D80267A230C94480078F3F2 /* Resources */ = {
			isa = PBXResourcesBuildPhase;
			buildActionMask = 2147483647;
			files = (
			);
			runOnlyForDeploymentPostprocessing = 0;
		};
/* End PBXResourcesBuildPhase section */

/* Begin PBXSourcesBuildPhase section */
		3D802659230C94440078F3F2 /* Sources */ = {
			isa = PBXSourcesBuildPhase;
			buildActionMask = 2147483647;
			files = (
				3D802663230C94440078F3F2 /* ViewController.swift in Sources */,
				3D802661230C94440078F3F2 /* AppDelegate.swift in Sources */,
			);
			runOnlyForDeploymentPostprocessing = 0;
		};
		3D80266D230C94480078F3F2 /* Sources */ = {
			isa = PBXSourcesBuildPhase;
			buildActionMask = 2147483647;
			files = (
				3D802676230C94480078F3F2 /* SecuenciasTests.swift in Sources */,
			);
			runOnlyForDeploymentPostprocessing = 0;
		};
		3D802678230C94480078F3F2 /* Sources */ = {
			isa = PBXSourcesBuildPhase;
			buildActionMask = 2147483647;
			files = (
				3D802681230C94480078F3F2 /* SecuenciasUITests.swift in Sources */,
			);
			runOnlyForDeploymentPostprocessing = 0;
		};
/* End PBXSourcesBuildPhase section */

/* Begin PBXTargetDependency section */
		3D802673230C94480078F3F2 /* PBXTargetDependency */ = {
			isa = PBXTargetDependency;
			target = 3D80265C230C94440078F3F2 /* Secuencias */;
			targetProxy = 3D802672230C94480078F3F2 /* PBXContainerItemProxy */;
		};
		3D80267E230C94480078F3F2 /* PBXTargetDependency */ = {
			isa = PBXTargetDependency;
			target = 3D80265C230C94440078F3F2 /* Secuencias */;
			targetProxy = 3D80267D230C94480078F3F2 /* PBXContainerItemProxy */;
		};
/* End PBXTargetDependency section */

/* Begin PBXVariantGroup section */
		3D802664230C94440078F3F2 /* Main.storyboard */ = {
			isa = PBXVariantGroup;
			children = (
				3D802665230C94440078F3F2 /* Base */,
			);
			name = Main.storyboard;
			sourceTree = "<group>";
		};
		3D802669230C94480078F3F2 /* LaunchScreen.storyboard */ = {
			isa = PBXVariantGroup;
			children = (
				3D80266A230C94480078F3F2 /* Base */,
			);
			name = LaunchScreen.storyboard;
			sourceTree = "<group>";
		};
/* End PBXVariantGroup section */

/* Begin XCBuildConfiguration section */
		3D802683230C94480078F3F2 /* Debug */ = {
			isa = XCBuildConfiguration;
			buildSettings = {
				ALWAYS_SEARCH_USER_PATHS = NO;
				CLANG_ANALYZER_NONNULL = YES;
				CLANG_ANALYZER_NUMBER_OBJECT_CONVERSION = YES_AGGRESSIVE;
				CLANG_CXX_LANGUAGE_STANDARD = "gnu++14";
				CLANG_CXX_LIBRARY = "libc++";
				CLANG_ENABLE_MODULES = YES;
				CLANG_ENABLE_OBJC_ARC = YES;
				CLANG_ENABLE_OBJC_WEAK = YES;
				CLANG_WARN_BLOCK_CAPTURE_AUTORELEASING = YES;
				CLANG_WARN_BOOL_CONVERSION = YES;
				CLANG_WARN_COMMA = YES;
				CLANG_WARN_CONSTANT_CONVERSION = YES;
				CLANG_WARN_DEPRECATED_OBJC_IMPLEMENTATIONS = YES;
				CLANG_WARN_DIRECT_OBJC_ISA_USAGE = YES_ERROR;
				CLANG_WARN_DOCUMENTATION_COMMENTS = YES;
				CLANG_WARN_EMPTY_BODY = YES;
				CLANG_WARN_ENUM_CONVERSION = YES;
				CLANG_WARN_INFINITE_RECURSION = YES;
				CLANG_WARN_INT_CONVERSION = YES;
				CLANG_WARN_NON_LITERAL_NULL_CONVERSION = YES;
				CLANG_WARN_OBJC_IMPLICIT_RETAIN_SELF = YES;
				CLANG_WARN_OBJC_LITERAL_CONVERSION = YES;
				CLANG_WARN_OBJC_ROOT_CLASS = YES_ERROR;
				CLANG_WARN_RANGE_LOOP_ANALYSIS = YES;
				CLANG_WARN_STRICT_PROTOTYPES = YES;
				CLANG_WARN_SUSPICIOUS_MOVE = YES;
				CLANG_WARN_UNGUARDED_AVAILABILITY = YES_AGGRESSIVE;
				CLANG_WARN_UNREACHABLE_CODE = YES;
				CLANG_WARN__DUPLICATE_METHOD_MATCH = YES;
				CODE_SIGN_IDENTITY = "iPhone Developer";
				COPY_PHASE_STRIP = NO;
				DEBUG_INFORMATION_FORMAT = dwarf;
				ENABLE_STRICT_OBJC_MSGSEND = YES;
				ENABLE_TESTABILITY = YES;
				GCC_C_LANGUAGE_STANDARD = gnu11;
				GCC_DYNAMIC_NO_PIC = NO;
				GCC_NO_COMMON_BLOCKS = YES;
				GCC_OPTIMIZATION_LEVEL = 0;
				GCC_PREPROCESSOR_DEFINITIONS = (
					"DEBUG=1",
					"$(inherited)",
				);
				GCC_WARN_64_TO_32_BIT_CONVERSION = YES;
				GCC_WARN_ABOUT_RETURN_TYPE = YES_ERROR;
				GCC_WARN_UNDECLARED_SELECTOR = YES;
				GCC_WARN_UNINITIALIZED_AUTOS = YES_AGGRESSIVE;
				GCC_WARN_UNUSED_FUNCTION = YES;
				GCC_WARN_UNUSED_VARIABLE = YES;
				IPHONEOS_DEPLOYMENT_TARGET = 11.4;
				MTL_ENABLE_DEBUG_INFO = YES;
				ONLY_ACTIVE_ARCH = YES;
				SDKROOT = iphoneos;
				SWIFT_ACTIVE_COMPILATION_CONDITIONS = DEBUG;
				SWIFT_OPTIMIZATION_LEVEL = "-Onone";
			};
			name = Debug;
		};
		3D802684230C94480078F3F2 /* Release */ = {
			isa = XCBuildConfiguration;
			buildSettings = {
				ALWAYS_SEARCH_USER_PATHS = NO;
				CLANG_ANALYZER_NONNULL = YES;
				CLANG_ANALYZER_NUMBER_OBJECT_CONVERSION = YES_AGGRESSIVE;
				CLANG_CXX_LANGUAGE_STANDARD = "gnu++14";
				CLANG_CXX_LIBRARY = "libc++";
				CLANG_ENABLE_MODULES = YES;
				CLANG_ENABLE_OBJC_ARC = YES;
				CLANG_ENABLE_OBJC_WEAK = YES;
				CLANG_WARN_BLOCK_CAPTURE_AUTORELEASING = YES;
				CLANG_WARN_BOOL_CONVERSION = YES;
				CLANG_WARN_COMMA = YES;
				CLANG_WARN_CONSTANT_CONVERSION = YES;
				CLANG_WARN_DEPRECATED_OBJC_IMPLEMENTATIONS = YES;
				CLANG_WARN_DIRECT_OBJC_ISA_USAGE = YES_ERROR;
				CLANG_WARN_DOCUMENTATION_COMMENTS = YES;
				CLANG_WARN_EMPTY_BODY = YES;
				CLANG_WARN_ENUM_CONVERSION = YES;
				CLANG_WARN_INFINITE_RECURSION = YES;
				CLANG_WARN_INT_CONVERSION = YES;
				CLANG_WARN_NON_LITERAL_NULL_CONVERSION = YES;
				CLANG_WARN_OBJC_IMPLICIT_RETAIN_SELF = YES;
				CLANG_WARN_OBJC_LITERAL_CONVERSION = YES;
				CLANG_WARN_OBJC_ROOT_CLASS = YES_ERROR;
				CLANG_WARN_RANGE_LOOP_ANALYSIS = YES;
				CLANG_WARN_STRICT_PROTOTYPES = YES;
				CLANG_WARN_SUSPICIOUS_MOVE = YES;
				CLANG_WARN_UNGUARDED_AVAILABILITY = YES_AGGRESSIVE;
				CLANG_WARN_UNREACHABLE_CODE = YES;
				CLANG_WARN__DUPLICATE_METHOD_MATCH = YES;
				CODE_SIGN_IDENTITY = "iPhone Developer";
				COPY_PHASE_STRIP = NO;
				DEBUG_INFORMATION_FORMAT = "dwarf-with-dsym";
				ENABLE_NS_ASSERTIONS = NO;
				ENABLE_STRICT_OBJC_MSGSEND = YES;
				GCC_C_LANGUAGE_STANDARD = gnu11;
				GCC_NO_COMMON_BLOCKS = YES;
				GCC_WARN_64_TO_32_BIT_CONVERSION = YES;
				GCC_WARN_ABOUT_RETURN_TYPE = YES_ERROR;
				GCC_WARN_UNDECLARED_SELECTOR = YES;
				GCC_WARN_UNINITIALIZED_AUTOS = YES_AGGRESSIVE;
				GCC_WARN_UNUSED_FUNCTION = YES;
				GCC_WARN_UNUSED_VARIABLE = YES;
				IPHONEOS_DEPLOYMENT_TARGET = 11.4;
				MTL_ENABLE_DEBUG_INFO = NO;
				SDKROOT = iphoneos;
				SWIFT_COMPILATION_MODE = wholemodule;
				SWIFT_OPTIMIZATION_LEVEL = "-O";
				VALIDATE_PRODUCT = YES;
			};
			name = Release;
		};
		3D802686230C94480078F3F2 /* Debug */ = {
			isa = XCBuildConfiguration;
			buildSettings = {
				ASSETCATALOG_COMPILER_APPICON_NAME = AppIcon;
				CODE_SIGN_STYLE = Automatic;
				INFOPLIST_FILE = Secuencias/Info.plist;
				LD_RUNPATH_SEARCH_PATHS = (
					"$(inherited)",
					"@executable_path/Frameworks",
				);
				PRODUCT_BUNDLE_IDENTIFIER = mx.fer.Secuencias;
				PRODUCT_NAME = "$(TARGET_NAME)";
				SWIFT_VERSION = 4.0;
				TARGETED_DEVICE_FAMILY = "1,2";
			};
			name = Debug;
		};
		3D802687230C94480078F3F2 /* Release */ = {
			isa = XCBuildConfiguration;
			buildSettings = {
				ASSETCATALOG_COMPILER_APPICON_NAME = AppIcon;
				CODE_SIGN_STYLE = Automatic;
				INFOPLIST_FILE = Secuencias/Info.plist;
				LD_RUNPATH_SEARCH_PATHS = (
					"$(inherited)",
					"@executable_path/Frameworks",
				);
				PRODUCT_BUNDLE_IDENTIFIER = mx.fer.Secuencias;
				PRODUCT_NAME = "$(TARGET_NAME)";
				SWIFT_VERSION = 4.0;
				TARGETED_DEVICE_FAMILY = "1,2";
			};
			name = Release;
		};
		3D802689230C94480078F3F2 /* Debug */ = {
			isa = XCBuildConfiguration;
			buildSettings = {
				ALWAYS_EMBED_SWIFT_STANDARD_LIBRARIES = YES;
				BUNDLE_LOADER = "$(TEST_HOST)";
				CODE_SIGN_STYLE = Automatic;
				INFOPLIST_FILE = SecuenciasTests/Info.plist;
				LD_RUNPATH_SEARCH_PATHS = (
					"$(inherited)",
					"@executable_path/Frameworks",
					"@loader_path/Frameworks",
				);
				PRODUCT_BUNDLE_IDENTIFIER = mx.fer.SecuenciasTests;
				PRODUCT_NAME = "$(TARGET_NAME)";
				SWIFT_VERSION = 4.0;
				TARGETED_DEVICE_FAMILY = "1,2";
				TEST_HOST = "$(BUILT_PRODUCTS_DIR)/Secuencias.app/Secuencias";
			};
			name = Debug;
		};
		3D80268A230C94480078F3F2 /* Release */ = {
			isa = XCBuildConfiguration;
			buildSettings = {
				ALWAYS_EMBED_SWIFT_STANDARD_LIBRARIES = YES;
				BUNDLE_LOADER = "$(TEST_HOST)";
				CODE_SIGN_STYLE = Automatic;
				INFOPLIST_FILE = SecuenciasTests/Info.plist;
				LD_RUNPATH_SEARCH_PATHS = (
					"$(inherited)",
					"@executable_path/Frameworks",
					"@loader_path/Frameworks",
				);
				PRODUCT_BUNDLE_IDENTIFIER = mx.fer.SecuenciasTests;
				PRODUCT_NAME = "$(TARGET_NAME)";
				SWIFT_VERSION = 4.0;
				TARGETED_DEVICE_FAMILY = "1,2";
				TEST_HOST = "$(BUILT_PRODUCTS_DIR)/Secuencias.app/Secuencias";
			};
			name = Release;
		};
		3D80268C230C94480078F3F2 /* Debug */ = {
			isa = XCBuildConfiguration;
			buildSettings = {
				ALWAYS_EMBED_SWIFT_STANDARD_LIBRARIES = YES;
				CODE_SIGN_STYLE = Automatic;
				INFOPLIST_FILE = SecuenciasUITests/Info.plist;
				LD_RUNPATH_SEARCH_PATHS = (
					"$(inherited)",
					"@executable_path/Frameworks",
					"@loader_path/Frameworks",
				);
				PRODUCT_BUNDLE_IDENTIFIER = mx.fer.SecuenciasUITests;
				PRODUCT_NAME = "$(TARGET_NAME)";
				SWIFT_VERSION = 4.0;
				TARGETED_DEVICE_FAMILY = "1,2";
				TEST_TARGET_NAME = Secuencias;
			};
			name = Debug;
		};
		3D80268D230C94480078F3F2 /* Release */ = {
			isa = XCBuildConfiguration;
			buildSettings = {
				ALWAYS_EMBED_SWIFT_STANDARD_LIBRARIES = YES;
				CODE_SIGN_STYLE = Automatic;
				INFOPLIST_FILE = SecuenciasUITests/Info.plist;
				LD_RUNPATH_SEARCH_PATHS = (
					"$(inherited)",
					"@executable_path/Frameworks",
					"@loader_path/Frameworks",
				);
				PRODUCT_BUNDLE_IDENTIFIER = mx.fer.SecuenciasUITests;
				PRODUCT_NAME = "$(TARGET_NAME)";
				SWIFT_VERSION = 4.0;
				TARGETED_DEVICE_FAMILY = "1,2";
				TEST_TARGET_NAME = Secuencias;
			};
			name = Release;
		};
/* End XCBuildConfiguration section */

/* Begin XCConfigurationList section */
		3D802658230C94440078F3F2 /* Build configuration list for PBXProject "Secuencias" */ = {
			isa = XCConfigurationList;
			buildConfigurations = (
				3D802683230C94480078F3F2 /* Debug */,
				3D802684230C94480078F3F2 /* Release */,
			);
			defaultConfigurationIsVisible = 0;
			defaultConfigurationName = Release;
		};
		3D802685230C94480078F3F2 /* Build configuration list for PBXNativeTarget "Secuencias" */ = {
			isa = XCConfigurationList;
			buildConfigurations = (
				3D802686230C94480078F3F2 /* Debug */,
				3D802687230C94480078F3F2 /* Release */,
			);
			defaultConfigurationIsVisible = 0;
			defaultConfigurationName = Release;
		};
		3D802688230C94480078F3F2 /* Build configuration list for PBXNativeTarget "SecuenciasTests" */ = {
			isa = XCConfigurationList;
			buildConfigurations = (
				3D802689230C94480078F3F2 /* Debug */,
				3D80268A230C94480078F3F2 /* Release */,
			);
			defaultConfigurationIsVisible = 0;
			defaultConfigurationName = Release;
		};
		3D80268B230C94480078F3F2 /* Build configuration list for PBXNativeTarget "SecuenciasUITests" */ = {
			isa = XCConfigurationList;
			buildConfigurations = (
				3D80268C230C94480078F3F2 /* Debug */,
				3D80268D230C94480078F3F2 /* Release */,
			);
			defaultConfigurationIsVisible = 0;
			defaultConfigurationName = Release;
		};
/* End XCConfigurationList section */
	};
	rootObject = 3D802655230C94440078F3F2 /* Project object */;
}
